
Microsoft Visual Studio Solution File, Format Version 12.00
# Visual Studio 15
VisualStudioVersion = 15.0.27703.2047
MinimumVisualStudioVersion = 10.0.40219.1
Project("{8BC9CEB8-8B4A-11D0-8D11-00A0C91BC942}") = "ChromaRenderer", "ChromaRenderer\ChromaRenderer.vcxproj", "{C5593B62-D866-437B-94C8-3689F361DEDA}"
	ProjectSection(ProjectDependencies) = postProject
		{76582D7C-9143-46EB-AAB8-3C99A0012067} = {76582D7C-9143-46EB-AAB8-3C99A0012067}
	EndProjectSection
EndProject
Project("{8BC9CEB8-8B4A-11D0-8D11-00A0C91BC942}") = "ChromaRendererCoreTests", "ChromaRendererCoreTests\ChromaRendererCoreTests.vcxproj", "{D44FBAB8-3D02-4FFE-9D88-24C1239044F2}"
	ProjectSection(ProjectDependencies) = postProject
		{C5593B62-D866-437B-94C8-3689F361DEDA} = {C5593B62-D866-437B-94C8-3689F361DEDA}
	EndProjectSection
EndProject
Project("{8BC9CEB8-8B4A-11D0-8D11-00A0C91BC942}") = "ChromaRendererCore", "ChromaRendererCore\ChromaRendererCore.vcxproj", "{76582D7C-9143-46EB-AAB8-3C99A0012067}"
EndProject
Global
	GlobalSection(SolutionConfigurationPlatforms) = preSolution
		Debug|x64 = Debug|x64
		Debug|x86 = Debug|x86
		Release|x64 = Release|x64
		Release|x86 = Release|x86
	EndGlobalSection
	GlobalSection(ProjectConfigurationPlatforms) = postSolution
		{C5593B62-D866-437B-94C8-3689F361DEDA}.Debug|x64.ActiveCfg = Debug|x64
		{C5593B62-D866-437B-94C8-3689F361DEDA}.Debug|x64.Build.0 = Debug|x64
		{C5593B62-D866-437B-94C8-3689F361DEDA}.Debug|x86.ActiveCfg = Debug|x64
		{C5593B62-D866-437B-94C8-3689F361DEDA}.Release|x64.ActiveCfg = Release|x64
		{C5593B62-D866-437B-94C8-3689F361DEDA}.Release|x64.Build.0 = Release|x64
		{C5593B62-D866-437B-94C8-3689F361DEDA}.Release|x86.ActiveCfg = Release|x64
		{D44FBAB8-3D02-4FFE-9D88-24C1239044F2}.Debug|x64.ActiveCfg = Debug|x64
		{D44FBAB8-3D02-4FFE-9D88-24C1239044F2}.Debug|x64.Build.0 = Debug|x64
		{D44FBAB8-3D02-4FFE-9D88-24C1239044F2}.Debug|x86.ActiveCfg = Debug|x64
		{D44FBAB8-3D02-4FFE-9D88-24C1239044F2}.Release|x64.ActiveCfg = Release|x64
		{D44FBAB8-3D02-4FFE-9D88-24C1239044F2}.Release|x64.Build.0 = Release|x64
		{D44FBAB8-3D02-4FFE-9D88-24C1239044F2}.Release|x86.ActiveCfg = Release|x64
		{76582D7C-9143-46EB-AAB8-3C99A0012067}.Debug|x64.ActiveCfg = Debug|x64
		{76582D7C-9143-46EB-AAB8-3C99A0012067}.Debug|x64.Build.0 = Debug|x64
		{76582D7C-9143-46EB-AAB8-3C99A0012067}.Debug|x86.ActiveCfg = Debug|x64
		{76582D7C-9143-46EB-AAB8-3C99A0012067}.Release|x64.ActiveCfg = Release|x64
		{76582D7C-9143-46EB-AAB8-3C99A0012067}.Release|x64.Build.0 = Release|x64
		{76582D7C-9143-46EB-AAB8-3C99A0012067}.Release|x86.ActiveCfg = Release|x64
	EndGlobalSection
	GlobalSection(SolutionProperties) = preSolution
		HideSolutionNode = FALSE
	EndGlobalSection
	GlobalSection(ExtensibilityGlobals) = postSolution
		SolutionGuid = {D363EA38-0BEB-4123-9379-49EA15EF84F2}
	EndGlobalSection
EndGlobal
