<?xml version="1.0" encoding="utf-8"?>
<Project ToolsVersion="4.0" xmlns="http://schemas.microsoft.com/developer/msbuild/2003">
  <ItemGroup>
    <Filter Include="Source">
      <UniqueIdentifier>{08b6ca35-f748-451e-a521-66f5a905582b}</UniqueIdentifier>
    </Filter>
    <Filter Include="Source\glad">
      <UniqueIdentifier>{3e8e722e-bae2-4970-8ba5-57d3ac91470d}</UniqueIdentifier>
    </Filter>
    <Filter Include="Source\imgui">
      <UniqueIdentifier>{a9d1f715-44ae-4ce3-9464-f7d7f8553567}</UniqueIdentifier>
    </Filter>
    <Filter Include="Source\imgui\glfw-opengl">
      <UniqueIdentifier>{6fd27af0-caae-46bf-8f33-fa96abac0424}</UniqueIdentifier>
    </Filter>
  </ItemGroup>
  <ItemGroup>
    <ClInclude Include="src\ChromaGUIUtils.h">
      <Filter>Source</Filter>
    </ClInclude>
    <ClInclude Include="src\CommonFileDialogApp.h">
      <Filter>Source</Filter>
    </ClInclude>
    <ClInclude Include="src\Dialogs.h">
      <Filter>Source</Filter>
    </ClInclude>
    <ClInclude Include="src\ChromaGui.h">
      <Filter>Source</Filter>
    </ClInclude>
    <ClInclude Include="..\extlibs\headers\glad\include\glad\glad.h">
      <Filter>Source\glad</Filter>
    </ClInclude>
    <ClInclude Include="..\extlibs\headers\glad\include\KHR\khrplatform.h">
      <Filter>Source\glad</Filter>
    </ClInclude>
    <ClInclude Include="..\extlibs\headers\imgui\imgui_impl_glfw.h">
      <Filter>Source\imgui\glfw-opengl</Filter>
    </ClInclude>
    <ClInclude Include="..\extlibs\headers\imgui\imgui_impl_opengl3.h">
      <Filter>Source\imgui\glfw-opengl</Filter>
    </ClInclude>
    <ClInclude Include="..\extlibs\headers\imgui\imgui.h">
      <Filter>Source\imgui</Filter>
    </ClInclude>
    <ClInclude Include="..\extlibs\headers\imgui\imgui_internal.h">
      <Filter>Source\imgui</Filter>
    </ClInclude>
    <ClInclude Include="..\extlibs\headers\imgui\imstb_rectpack.h">
      <Filter>Source\imgui</Filter>
    </ClInclude>
    <ClInclude Include="..\extlibs\headers\imgui\imstb_textedit.h">
      <Filter>Source\imgui</Filter>
    </ClInclude>
    <ClInclude Include="..\extlibs\headers\imgui\imstb_truetype.h">
      <Filter>Source\imgui</Filter>
    </ClInclude>
    <ClInclude Include="..\extlibs\headers\imgui\imconfig.h">
      <Filter>Source\imgui</Filter>
    </ClInclude>
  </ItemGroup>
  <ItemGroup>
    <ClCompile Include="src\ChromaGUIUtils.cpp">
      <Filter>Source</Filter>
    </ClCompile>
    <ClCompile Include="src\Dialogs.cpp">
      <Filter>Source</Filter>
    </ClCompile>
    <ClCompile Include="src\main.cpp">
      <Filter>Source</Filter>
    </ClCompile>
    <ClCompile Include="src\ChromaGui.cpp">
      <Filter>Source</Filter>
    </ClCompile>
    <ClCompile Include="..\extlibs\headers\glad\src\glad.c">
      <Filter>Source\glad</Filter>
    </ClCompile>
    <ClCompile Include="..\extlibs\headers\imgui\imgui_impl_opengl3.cpp">
      <Filter>Source\imgui\glfw-opengl</Filter>
    </ClCompile>
    <ClCompile Include="..\extlibs\headers\imgui\imgui_impl_glfw.cpp">
      <Filter>Source\imgui\glfw-opengl</Filter>
    </ClCompile>
    <ClCompile Include="..\extlibs\headers\imgui\imgui.cpp">
      <Filter>Source\imgui</Filter>
    </ClCompile>
    <ClCompile Include="..\extlibs\headers\imgui\imgui_demo.cpp">
      <Filter>Source\imgui</Filter>
    </ClCompile>
    <ClCompile Include="..\extlibs\headers\imgui\imgui_draw.cpp">
      <Filter>Source\imgui</Filter>
    </ClCompile>
    <ClCompile Include="..\extlibs\headers\imgui\imgui_widgets.cpp">
      <Filter>Source\imgui</Filter>
    </ClCompile>
  </ItemGroup>
</Project>